
Microsoft Visual Studio Solution File, Format Version 12.00
# Visual Studio Version 17
VisualStudioVersion = 17.14.36915.13
MinimumVisualStudioVersion = 10.0.40219.1
Project("{2150E333-8FDC-42A3-9474-1A3956D46DE8}") = "src", "src", "{02EA681E-C7D8-13C7-8484-4AC65E1B71E8}"
EndProject
Project("{2150E333-8FDC-42A3-9474-1A3956D46DE8}") = "APIs", "APIs", "{1E0CE06B-F532-437C-AF28-D2D5C35FAE06}"
EndProject
Project("{2150E333-8FDC-42A3-9474-1A3956D46DE8}") = "Core", "Core", "{6AC98F06-2B08-4DD5-9FED-B5BE57751D3A}"
EndProject
Project("{2150E333-8FDC-42A3-9474-1A3956D46DE8}") = "Infrastructre", "Infrastructre", "{861CFA01-B7EE-4893-A319-B13B77F4E5CD}"
EndProject
Project("{2150E333-8FDC-42A3-9474-1A3956D46DE8}") = "UI", "UI", "{D5377E1B-54F0-4D44-AF95-4765C1AA2EEA}"
EndProject
Project("{2150E333-8FDC-42A3-9474-1A3956D46DE8}") = "Client", "Client", "{AE7CD896-3900-47F9-AB39-5A36F56E5345}"
EndProject
Project("{2150E333-8FDC-42A3-9474-1A3956D46DE8}") = "Dashbord", "Dashbord", "{A22070DC-830A-4403-A5D8-C448DA83AA10}"
EndProject
Project("{FAE04EC0-301F-11D3-BF4B-00C04F79EFBC}") = "E-Commerce.App.Domain", "E-Commerce.App.Domain\E-Commerce.App.Domain.csproj", "{A834E3B6-5410-490A-BD26-245DD0035FA7}"
EndProject
Project("{FAE04EC0-301F-11D3-BF4B-00C04F79EFBC}") = "E_Commerce.App.Infrastructre.presistent", "E_Commerce.App.Infrastructre.presistent\E_Commerce.App.Infrastructre.presistent.csproj", "{8D47CB61-3F5B-49FA-974C-65EDC4CEC10B}"
EndProject
Project("{FAE04EC0-301F-11D3-BF4B-00C04F79EFBC}") = "E-Commerce.APIs", "E-Commerce.APIs\E-Commerce.APIs.csproj", "{88A64B1E-3FBD-4271-98C9-9A467E0B5E2C}"
EndProject
Project("{FAE04EC0-301F-11D3-BF4B-00C04F79EFBC}") = "E-Commerce.App.Application.Abstruction", "E-Commerce.App.Application.Abstruction\E-Commerce.App.Application.Abstruction.csproj", "{6A789786-D2BF-4EC9-BC13-DFDE98B639BB}"
EndProject
Project("{FAE04EC0-301F-11D3-BF4B-00C04F79EFBC}") = "E-Commerce.App.Application", "E-Commerce.App.Application\E-Commerce.App.Application.csproj", "{80F5B151-634F-4039-8AAD-B306C1AD7F20}"
EndProject
Project("{FAE04EC0-301F-11D3-BF4B-00C04F79EFBC}") = "E-Commerce-Api.Controller", "E-Commerce-Api.Controller\E-Commerce-Api.Controller.csproj", "{8EE82FDD-4AB0-4AB1-B638-1DF8CE9A9DD9}"
EndProject
Project("{FAE04EC0-301F-11D3-BF4B-00C04F79EFBC}") = "E_Commerce.App.Infrastructre", "E_Commerce.App.Infrastructre\E_Commerce.App.Infrastructre.csproj", "{A14EB6AB-3E97-4906-B06F-BB633FC23E09}"
EndProject
Global
	GlobalSection(SolutionConfigurationPlatforms) = preSolution
		Debug|Any CPU = Debug|Any CPU
		Release|Any CPU = Release|Any CPU
	EndGlobalSection
	GlobalSection(ProjectConfigurationPlatforms) = postSolution
		{A834E3B6-5410-490A-BD26-245DD0035FA7}.Debug|Any CPU.ActiveCfg = Debug|Any CPU
		{A834E3B6-5410-490A-BD26-245DD0035FA7}.Debug|Any CPU.Build.0 = Debug|Any CPU
		{A834E3B6-5410-490A-BD26-245DD0035FA7}.Release|Any CPU.ActiveCfg = Release|Any CPU
		{A834E3B6-5410-490A-BD26-245DD0035FA7}.Release|Any CPU.Build.0 = Release|Any CPU
		{8D47CB61-3F5B-49FA-974C-65EDC4CEC10B}.Debug|Any CPU.ActiveCfg = Debug|Any CPU
		{8D47CB61-3F5B-49FA-974C-65EDC4CEC10B}.Debug|Any CPU.Build.0 = Debug|Any CPU
		{8D47CB61-3F5B-49FA-974C-65EDC4CEC10B}.Release|Any CPU.ActiveCfg = Release|Any CPU
		{8D47CB61-3F5B-49FA-974C-65EDC4CEC10B}.Release|Any CPU.Build.0 = Release|Any CPU
		{88A64B1E-3FBD-4271-98C9-9A467E0B5E2C}.Debug|Any CPU.ActiveCfg = Debug|Any CPU
		{88A64B1E-3FBD-4271-98C9-9A467E0B5E2C}.Debug|Any CPU.Build.0 = Debug|Any CPU
		{88A64B1E-3FBD-4271-98C9-9A467E0B5E2C}.Release|Any CPU.ActiveCfg = Release|Any CPU
		{88A64B1E-3FBD-4271-98C9-9A467E0B5E2C}.Release|Any CPU.Build.0 = Release|Any CPU
		{6A789786-D2BF-4EC9-BC13-DFDE98B639BB}.Debug|Any CPU.ActiveCfg = Debug|Any CPU
		{6A789786-D2BF-4EC9-BC13-DFDE98B639BB}.Debug|Any CPU.Build.0 = Debug|Any CPU
		{6A789786-D2BF-4EC9-BC13-DFDE98B639BB}.Release|Any CPU.ActiveCfg = Release|Any CPU
		{6A789786-D2BF-4EC9-BC13-DFDE98B639BB}.Release|Any CPU.Build.0 = Release|Any CPU
		{80F5B151-634F-4039-8AAD-B306C1AD7F20}.Debug|Any CPU.ActiveCfg = Debug|Any CPU
		{80F5B151-634F-4039-8AAD-B306C1AD7F20}.Debug|Any CPU.Build.0 = Debug|Any CPU
		{80F5B151-634F-4039-8AAD-B306C1AD7F20}.Release|Any CPU.ActiveCfg = Release|Any CPU
		{80F5B151-634F-4039-8AAD-B306C1AD7F20}.Release|Any CPU.Build.0 = Release|Any CPU
		{8EE82FDD-4AB0-4AB1-B638-1DF8CE9A9DD9}.Debug|Any CPU.ActiveCfg = Debug|Any CPU
		{8EE82FDD-4AB0-4AB1-B638-1DF8CE9A9DD9}.Debug|Any CPU.Build.0 = Debug|Any CPU
		{8EE82FDD-4AB0-4AB1-B638-1DF8CE9A9DD9}.Release|Any CPU.ActiveCfg = Release|Any CPU
		{8EE82FDD-4AB0-4AB1-B638-1DF8CE9A9DD9}.Release|Any CPU.Build.0 = Release|Any CPU
		{A14EB6AB-3E97-4906-B06F-BB633FC23E09}.Debug|Any CPU.ActiveCfg = Debug|Any CPU
		{A14EB6AB-3E97-4906-B06F-BB633FC23E09}.Debug|Any CPU.Build.0 = Debug|Any CPU
		{A14EB6AB-3E97-4906-B06F-BB633FC23E09}.Release|Any CPU.ActiveCfg = Release|Any CPU
		{A14EB6AB-3E97-4906-B06F-BB633FC23E09}.Release|Any CPU.Build.0 = Release|Any CPU
	EndGlobalSection
	GlobalSection(SolutionProperties) = preSolution
		HideSolutionNode = FALSE
	EndGlobalSection
	GlobalSection(NestedProjects) = preSolution
		{1E0CE06B-F532-437C-AF28-D2D5C35FAE06} = {02EA681E-C7D8-13C7-8484-4AC65E1B71E8}
		{6AC98F06-2B08-4DD5-9FED-B5BE57751D3A} = {02EA681E-C7D8-13C7-8484-4AC65E1B71E8}
		{861CFA01-B7EE-4893-A319-B13B77F4E5CD} = {02EA681E-C7D8-13C7-8484-4AC65E1B71E8}
		{D5377E1B-54F0-4D44-AF95-4765C1AA2EEA} = {02EA681E-C7D8-13C7-8484-4AC65E1B71E8}
		{AE7CD896-3900-47F9-AB39-5A36F56E5345} = {D5377E1B-54F0-4D44-AF95-4765C1AA2EEA}
		{A22070DC-830A-4403-A5D8-C448DA83AA10} = {D5377E1B-54F0-4D44-AF95-4765C1AA2EEA}
		{A834E3B6-5410-490A-BD26-245DD0035FA7} = {6AC98F06-2B08-4DD5-9FED-B5BE57751D3A}
		{8D47CB61-3F5B-49FA-974C-65EDC4CEC10B} = {861CFA01-B7EE-4893-A319-B13B77F4E5CD}
		{88A64B1E-3FBD-4271-98C9-9A467E0B5E2C} = {1E0CE06B-F532-437C-AF28-D2D5C35FAE06}
		{6A789786-D2BF-4EC9-BC13-DFDE98B639BB} = {6AC98F06-2B08-4DD5-9FED-B5BE57751D3A}
		{80F5B151-634F-4039-8AAD-B306C1AD7F20} = {6AC98F06-2B08-4DD5-9FED-B5BE57751D3A}
		{8EE82FDD-4AB0-4AB1-B638-1DF8CE9A9DD9} = {1E0CE06B-F532-437C-AF28-D2D5C35FAE06}
		{A14EB6AB-3E97-4906-B06F-BB633FC23E09} = {861CFA01-B7EE-4893-A319-B13B77F4E5CD}
	EndGlobalSection
	GlobalSection(ExtensibilityGlobals) = postSolution
		SolutionGuid = {FD35F4AD-68D2-4849-83ED-FC959F6A1DBA}
	EndGlobalSection
EndGlobal
